// !$*UTF8*$!
{
	archiveVersion = 1;
	classes = {
	};
	objectVersion = 46;
	objects = {

/* Begin PBXBuildFile section */
		9DC6CB171E9E16B50080A14B /* AppDelegate.swift in Sources */ = {isa = PBXBuildFile; fileRef = 9DC6CB161E9E16B50080A14B /* AppDelegate.swift */; };
		9DC6CB191E9E16B50080A14B /* ViewController.swift in Sources */ = {isa = PBXBuildFile; fileRef = 9DC6CB181E9E16B50080A14B /* ViewController.swift */; };
		9DC6CB1C1E9E16B50080A14B /* Main.storyboard in Resources */ = {isa = PBXBuildFile; fileRef = 9DC6CB1A1E9E16B50080A14B /* Main.storyboard */; };
		9DC6CB1E1E9E16B50080A14B /* Assets.xcassets in Resources */ = {isa = PBXBuildFile; fileRef = 9DC6CB1D1E9E16B50080A14B /* Assets.xcassets */; };
		9DC6CB211E9E16B50080A14B /* LaunchScreen.storyboard in Resources */ = {isa = PBXBuildFile; fileRef = 9DC6CB1F1E9E16B50080A14B /* LaunchScreen.storyboard */; };
		F2038CCD3EA9D9B8A05E78DA /* Pods_LinearProgressViewExample.framework in Frameworks */ = {isa = PBXBuildFile; fileRef = 3C1817E3A66C390997A92DB9 /* Pods_LinearProgressViewExample.framework */; };
/* End PBXBuildFile section */

/* Begin PBXFileReference section */
		3C1817E3A66C390997A92DB9 /* Pods_LinearProgressViewExample.framework */ = {isa = PBXFileReference; explicitFileType = wrapper.framework; includeInIndex = 0; path = Pods_LinearProgressViewExample.framework; sourceTree = BUILT_PRODUCTS_DIR; };
		8F5D8708709E65BC2FE435FA /* Pods-LinearProgressViewExample.release.xcconfig */ = {isa = PBXFileReference; includeInIndex = 1; lastKnownFileType = text.xcconfig; name = "Pods-LinearProgressViewExample.release.xcconfig"; path = "Pods/Target Support Files/Pods-LinearProgressViewExample/Pods-LinearProgressViewExample.release.xcconfig"; sourceTree = "<group>"; };
		9DC6CB131E9E16B50080A14B /* LinearProgressViewExample.app */ = {isa = PBXFileReference; explicitFileType = wrapper.application; includeInIndex = 0; path = LinearProgressViewExample.app; sourceTree = BUILT_PRODUCTS_DIR; };
		9DC6CB161E9E16B50080A14B /* AppDelegate.swift */ = {isa = PBXFileReference; lastKnownFileType = sourcecode.swift; path = AppDelegate.swift; sourceTree = "<group>"; };
		9DC6CB181E9E16B50080A14B /* ViewController.swift */ = {isa = PBXFileReference; lastKnownFileType = sourcecode.swift; path = ViewController.swift; sourceTree = "<group>"; };
		9DC6CB1B1E9E16B50080A14B /* Base */ = {isa = PBXFileReference; lastKnownFileType = file.storyboard; name = Base; path = Base.lproj/Main.storyboard; sourceTree = "<group>"; };
		9DC6CB1D1E9E16B50080A14B /* Assets.xcassets */ = {isa = PBXFileReference; lastKnownFileType = folder.assetcatalog; path = Assets.xcassets; sourceTree = "<group>"; };
		9DC6CB201E9E16B50080A14B /* Base */ = {isa = PBXFileReference; lastKnownFileType = file.storyboard; name = Base; path = Base.lproj/LaunchScreen.storyboard; sourceTree = "<group>"; };
		9DC6CB221E9E16B50080A14B /* Info.plist */ = {isa = PBXFileReference; lastKnownFileType = text.plist.xml; path = Info.plist; sourceTree = "<group>"; };
		D58B94D02A68DA2A4B553379 /* Pods-LinearProgressViewExample.debug.xcconfig */ = {isa = PBXFileReference; includeInIndex = 1; lastKnownFileType = text.xcconfig; name = "Pods-LinearProgressViewExample.debug.xcconfig"; path = "Pods/Target Support Files/Pods-LinearProgressViewExample/Pods-LinearProgressViewExample.debug.xcconfig"; sourceTree = "<group>"; };
/* End PBXFileReference section */

/* Begin PBXFrameworksBuildPhase section */
		9DC6CB101E9E16B50080A14B /* Frameworks */ = {
			isa = PBXFrameworksBuildPhase;
			buildActionMask = 2147483647;
			files = (
				F2038CCD3EA9D9B8A05E78DA /* Pods_LinearProgressViewExample.framework in Frameworks */,
			);
			runOnlyForDeploymentPostprocessing = 0;
		};
/* End PBXFrameworksBuildPhase section */

/* Begin PBXGroup section */
		9DC6CB0A1E9E16B50080A14B = {
			isa = PBXGroup;
			children = (
				9DC6CB151E9E16B50080A14B /* LinearProgressViewExample */,
				9DC6CB141E9E16B50080A14B /* Products */,
				A6148D91D2E709A0320F924D /* Pods */,
				DAE206766BBC5B85D439E67E /* Frameworks */,
			);
			sourceTree = "<group>";
		};
		9DC6CB141E9E16B50080A14B /* Products */ = {
			isa = PBXGroup;
			children = (
				9DC6CB131E9E16B50080A14B /* LinearProgressViewExample.app */,
			);
			name = Products;
			sourceTree = "<group>";
		};
		9DC6CB151E9E16B50080A14B /* LinearProgressViewExample */ = {
			isa = PBXGroup;
			children = (
				9DC6CB161E9E16B50080A14B /* AppDelegate.swift */,
				9DC6CB181E9E16B50080A14B /* ViewController.swift */,
				9DC6CB1A1E9E16B50080A14B /* Main.storyboard */,
				9DC6CB1D1E9E16B50080A14B /* Assets.xcassets */,
				9DC6CB1F1E9E16B50080A14B /* LaunchScreen.storyboard */,
				9DC6CB221E9E16B50080A14B /* Info.plist */,
			);
			path = LinearProgressViewExample;
			sourceTree = "<group>";
		};
		A6148D91D2E709A0320F924D /* Pods */ = {
			isa = PBXGroup;
			children = (
				D58B94D02A68DA2A4B553379 /* Pods-LinearProgressViewExample.debug.xcconfig */,
				8F5D8708709E65BC2FE435FA /* Pods-LinearProgressViewExample.release.xcconfig */,
			);
			name = Pods;
			sourceTree = "<group>";
		};
		DAE206766BBC5B85D439E67E /* Frameworks */ = {
			isa = PBXGroup;
			children = (
				3C1817E3A66C390997A92DB9 /* Pods_LinearProgressViewExample.framework */,
			);
			name = Frameworks;
			sourceTree = "<group>";
		};
/* End PBXGroup section */

/* Begin PBXNativeTarget section */
		9DC6CB121E9E16B50080A14B /* LinearProgressViewExample */ = {
			isa = PBXNativeTarget;
			buildConfigurationList = 9DC6CB251E9E16B50080A14B /* Build configuration list for PBXNativeTarget "LinearProgressViewExample" */;
			buildPhases = (
				A7CB08701D6AF4161461D1E7 /* [CP] Check Pods Manifest.lock */,
				9DC6CB0F1E9E16B50080A14B /* Sources */,
				9DC6CB101E9E16B50080A14B /* Frameworks */,
				9DC6CB111E9E16B50080A14B /* Resources */,
				46DB8322077D7E9F876D5B98 /* [CP] Embed Pods Frameworks */,
			);
			buildRules = (
			);
			dependencies = (
			);
			name = LinearProgressViewExample;
			productName = LinearProgressViewExample;
			productReference = 9DC6CB131E9E16B50080A14B /* LinearProgressViewExample.app */;
			productType = "com.apple.product-type.application";
		};
/* End PBXNativeTarget section */

/* Begin PBXProject section */
		9DC6CB0B1E9E16B50080A14B /* Project object */ = {
			isa = PBXProject;
			attributes = {
				LastSwiftUpdateCheck = 0810;
				LastUpgradeCheck = 0930;
				ORGANIZATIONNAME = BiAtoms;
				TargetAttributes = {
					9DC6CB121E9E16B50080A14B = {
						CreatedOnToolsVersion = 8.1;
						LastSwiftMigration = 0900;
						ProvisioningStyle = Automatic;
					};
				};
			};
			buildConfigurationList = 9DC6CB0E1E9E16B50080A14B /* Build configuration list for PBXProject "LinearProgressViewExample" */;
			compatibilityVersion = "Xcode 3.2";
			developmentRegion = English;
			hasScannedForEncodings = 0;
			knownRegions = (
				en,
				Base,
			);
			mainGroup = 9DC6CB0A1E9E16B50080A14B;
			productRefGroup = 9DC6CB141E9E16B50080A14B /* Products */;
			projectDirPath = "";
			projectRoot = "";
			targets = (
				9DC6CB121E9E16B50080A14B /* LinearProgressViewExample */,
			);
		};
/* End PBXProject section */

/* Begin PBXResourcesBuildPhase section */
		9DC6CB111E9E16B50080A14B /* Resources */ = {
			isa = PBXResourcesBuildPhase;
			buildActionMask = 2147483647;
			files = (
				9DC6CB211E9E16B50080A14B /* LaunchScreen.storyboard in Resources */,
				9DC6CB1E1E9E16B50080A14B /* Assets.xcassets in Resources */,
				9DC6CB1C1E9E16B50080A14B /* Main.storyboard in Resources */,
			);
			runOnlyForDeploymentPostprocessing = 0;
		};
/* End PBXResourcesBuildPhase section */

/* Begin PBXShellScriptBuildPhase section */
		46DB8322077D7E9F876D5B98 /* [CP] Embed Pods Frameworks */ = {
			isa = PBXShellScriptBuildPhase;
			buildActionMask = 2147483647;
			files = (
			);
			inputPaths = (
				"${SRCROOT}/Pods/Target Support Files/Pods-LinearProgressViewExample/Pods-LinearProgressViewExample-frameworks.sh",
				"${BUILT_PRODUCTS_DIR}/LinearProgressView/LinearProgressView.framework",
			);
			name = "[CP] Embed Pods Frameworks";
			outputPaths = (
				"${TARGET_BUILD_DIR}/${FRAMEWORKS_FOLDER_PATH}/LinearProgressView.framework",
			);
			runOnlyForDeploymentPostprocessing = 0;
			shellPath = /bin/sh;
			shellScript = "\"${SRCROOT}/Pods/Target Support Files/Pods-LinearProgressViewExample/Pods-LinearProgressViewExample-frameworks.sh\"\n";
			showEnvVarsInLog = 0;
		};
		A7CB08701D6AF4161461D1E7 /* [CP] Check Pods Manifest.lock */ = {
			isa = PBXShellScriptBuildPhase;
			buildActionMask = 2147483647;
			files = (
			);
			inputPaths = (
				"${PODS_PODFILE_DIR_PATH}/Podfile.lock",
				"${PODS_ROOT}/Manifest.lock",
			);
			name = "[CP] Check Pods Manifest.lock";
			outputPaths = (
				"$(DERIVED_FILE_DIR)/Pods-LinearProgressViewExample-checkManifestLockResult.txt",
			);
			runOnlyForDeploymentPostprocessing = 0;
			shellPath = /bin/sh;
			shellScript = "diff \"${PODS_PODFILE_DIR_PATH}/Podfile.lock\" \"${PODS_ROOT}/Manifest.lock\" > /dev/null\nif [ $? != 0 ] ; then\n    # print error to STDERR\n    echo \"error: The sandbox is not in sync with the Podfile.lock. Run 'pod install' or update your CocoaPods installation.\" >&2\n    exit 1\nfi\n# This output is used by Xcode 'outputs' to avoid re-running this script phase.\necho \"SUCCESS\" > \"${SCRIPT_OUTPUT_FILE_0}\"\n";
			showEnvVarsInLog = 0;
		};
/* End PBXShellScriptBuildPhase section */

/* Begin PBXSourcesBuildPhase section */
		9DC6CB0F1E9E16B50080A14B /* Sources */ = {
			isa = PBXSourcesBuildPhase;
			buildActionMask = 2147483647;
			files = (
				9DC6CB191E9E16B50080A14B /* ViewController.swift in Sources */,
				9DC6CB171E9E16B50080A14B /* AppDelegate.swift in Sources */,
			);
			runOnlyForDeploymentPostprocessing = 0;
		};
/* End PBXSourcesBuildPhase section */

/* Begin PBXVariantGroup section */
		9DC6CB1A1E9E16B50080A14B /* Main.storyboard */ = {
			isa = PBXVariantGroup;
			children = (
				9DC6CB1B1E9E16B50080A14B /* Base */,
			);
			name = Main.storyboard;
			sourceTree = "<group>";
		};
		9DC6CB1F1E9E16B50080A14B /* LaunchScreen.storyboard */ = {
			isa = PBXVariantGroup;
			children = (
				9DC6CB201E9E16B50080A14B /* Base */,
			);
			name = LaunchScreen.storyboard;
			sourceTree = "<group>";
		};
/* End PBXVariantGroup section */

/* Begin XCBuildConfiguration section */
		9DC6CB231E9E16B50080A14B /* Debug */ = {
			isa = XCBuildConfiguration;
			buildSettings = {
				ALWAYS_SEARCH_USER_PATHS = NO;
				CLANG_ANALYZER_NONNULL = YES;
				CLANG_CXX_LANGUAGE_STANDARD = "gnu++0x";
				CLANG_CXX_LIBRARY = "libc++";
				CLANG_ENABLE_MODULES = YES;
				CLANG_ENABLE_OBJC_ARC = YES;
				CLANG_WARN_BLOCK_CAPTURE_AUTORELEASING = YES;
				CLANG_WARN_BOOL_CONVERSION = YES;
				CLANG_WARN_COMMA = YES;
				CLANG_WARN_CONSTANT_CONVERSION = YES;
				CLANG_WARN_DEPRECATED_OBJC_IMPLEMENTATIONS = YES;
				CLANG_WARN_DIRECT_OBJC_ISA_USAGE = YES_ERROR;
				CLANG_WARN_DOCUMENTATION_COMMENTS = YES;
				CLANG_WARN_EMPTY_BODY = YES;
				CLANG_WARN_ENUM_CONVERSION = YES;
				CLANG_WARN_INFINITE_RECURSION = YES;
				CLANG_WARN_INT_CONVERSION = YES;
				CLANG_WARN_NON_LITERAL_NULL_CONVERSION = YES;
				CLANG_WARN_OBJC_IMPLICIT_RETAIN_SELF = YES;
				CLANG_WARN_OBJC_LITERAL_CONVERSION = YES;
				CLANG_WARN_OBJC_ROOT_CLASS = YES_ERROR;
				CLANG_WARN_RANGE_LOOP_ANALYSIS = YES;
				CLANG_WARN_STRICT_PROTOTYPES = YES;
				CLANG_WARN_SUSPICIOUS_MOVE = YES;
				CLANG_WARN_SUSPICIOUS_MOVES = YES;
				CLANG_WARN_UNREACHABLE_CODE = YES;
				CLANG_WARN__DUPLICATE_METHOD_MATCH = YES;
				"CODE_SIGN_IDENTITY[sdk=iphoneos*]" = "iPhone Developer";
				COPY_PHASE_STRIP = NO;
				DEBUG_INFORMATION_FORMAT = dwarf;
				ENABLE_STRICT_OBJC_MSGSEND = YES;
				ENABLE_TESTABILITY = YES;
				GCC_C_LANGUAGE_STANDARD = gnu99;
				GCC_DYNAMIC_NO_PIC = NO;
				GCC_NO_COMMON_BLOCKS = YES;
				GCC_OPTIMIZATION_LEVEL = 0;
				GCC_PREPROCESSOR_DEFINITIONS = (
					"DEBUG=1",
					"$(inherited)",
				);
				GCC_WARN_64_TO_32_BIT_CONVERSION = YES;
				GCC_WARN_ABOUT_RETURN_TYPE = YES_ERROR;
				GCC_WARN_UNDECLARED_SELECTOR = YES;
				GCC_WARN_UNINITIALIZED_AUTOS = YES_AGGRESSIVE;
				GCC_WARN_UNUSED_FUNCTION = YES;
				GCC_WARN_UNUSED_VARIABLE = YES;
				IPHONEOS_DEPLOYMENT_TARGET = 8.0;
				MTL_ENABLE_DEBUG_INFO = YES;
				ONLY_ACTIVE_ARCH = YES;
				SDKROOT = iphoneos;
				SWIFT_ACTIVE_COMPILATION_CONDITIONS = DEBUG;
				SWIFT_OPTIMIZATION_LEVEL = "-Onone";
				TARGETED_DEVICE_FAMILY = "1,2";
			};
			name = Debug;
		};
		9DC6CB241E9E16B50080A14B /* Release */ = {
			isa = XCBuildConfiguration;
			buildSettings = {
				ALWAYS_SEARCH_USER_PATHS = NO;
				CLANG_ANALYZER_NONNULL = YES;
				CLANG_CXX_LANGUAGE_STANDARD = "gnu++0x";
				CLANG_CXX_LIBRARY = "libc++";
				CLANG_ENABLE_MODULES = YES;
				CLANG_ENABLE_OBJC_ARC = YES;
				CLANG_WARN_BLOCK_CAPTURE_AUTORELEASING = YES;
				CLANG_WARN_BOOL_CONVERSION = YES;
				CLANG_WARN_COMMA = YES;
				CLANG_WARN_CONSTANT_CONVERSION = YES;
				CLANG_WARN_DEPRECATED_OBJC_IMPLEMENTATIONS = YES;
				CLANG_WARN_DIRECT_OBJC_ISA_USAGE = YES_ERROR;
				CLANG_WARN_DOCUMENTATION_COMMENTS = YES;
				CLANG_WARN_EMPTY_BODY = YES;
				CLANG_WARN_ENUM_CONVERSION = YES;
				CLANG_WARN_INFINITE_RECURSION = YES;
				CLANG_WARN_INT_CONVERSION = YES;
				CLANG_WARN_NON_LITERAL_NULL_CONVERSION = YES;
				CLANG_WARN_OBJC_IMPLICIT_RETAIN_SELF = YES;
				CLANG_WARN_OBJC_LITERAL_CONVERSION = YES;
				CLANG_WARN_OBJC_ROOT_CLASS = YES_ERROR;
				CLANG_WARN_RANGE_LOOP_ANALYSIS = YES;
				CLANG_WARN_STRICT_PROTOTYPES = YES;
				CLANG_WARN_SUSPICIOUS_MOVE = YES;
				CLANG_WARN_SUSPICIOUS_MOVES = YES;
				CLANG_WARN_UNREACHABLE_CODE = YES;
				CLANG_WARN__DUPLICATE_METHOD_MATCH = YES;
				"CODE_SIGN_IDENTITY[sdk=iphoneos*]" = "iPhone Developer";
				COPY_PHASE_STRIP = NO;
				DEBUG_INFORMATION_FORMAT = "dwarf-with-dsym";
				ENABLE_NS_ASSERTIONS = NO;
				ENABLE_STRICT_OBJC_MSGSEND = YES;
				GCC_C_LANGUAGE_STANDARD = gnu99;
				GCC_NO_COMMON_BLOCKS = YES;
				GCC_WARN_64_TO_32_BIT_CONVERSION = YES;
				GCC_WARN_ABOUT_RETURN_TYPE = YES_ERROR;
				GCC_WARN_UNDECLARED_SELECTOR = YES;
				GCC_WARN_UNINITIALIZED_AUTOS = YES_AGGRESSIVE;
				GCC_WARN_UNUSED_FUNCTION = YES;
				GCC_WARN_UNUSED_VARIABLE = YES;
				IPHONEOS_DEPLOYMENT_TARGET = 8.0;
				MTL_ENABLE_DEBUG_INFO = NO;
				SDKROOT = iphoneos;
				SWIFT_OPTIMIZATION_LEVEL = "-Owholemodule";
				TARGETED_DEVICE_FAMILY = "1,2";
				VALIDATE_PRODUCT = YES;
			};
			name = Release;
		};
		9DC6CB261E9E16B50080A14B /* Debug */ = {
			isa = XCBuildConfiguration;
			baseConfigurationReference = D58B94D02A68DA2A4B553379 /* Pods-LinearProgressViewExample.debug.xcconfig */;
			buildSettings = {
				ASSETCATALOG_COMPILER_APPICON_NAME = AppIcon;
				INFOPLIST_FILE = LinearProgressViewExample/Info.plist;
				LD_RUNPATH_SEARCH_PATHS = "$(inherited) @executable_path/Frameworks";
				PRODUCT_BUNDLE_IDENTIFIER = com.biatoms.LinearProgressViewExample;
				PRODUCT_NAME = "$(TARGET_NAME)";
				SWIFT_SWIFT3_OBJC_INFERENCE = Off;
				SWIFT_VERSION = 4.0;
			};
			name = Debug;
		};
		9DC6CB271E9E16B50080A14B /* Release */ = {
			isa = XCBuildConfiguration;
			baseConfigurationReference = 8F5D8708709E65BC2FE435FA /* Pods-LinearProgressViewExample.release.xcconfig */;
			buildSettings = {
				ASSETCATALOG_COMPILER_APPICON_NAME = AppIcon;
				INFOPLIST_FILE = LinearProgressViewExample/Info.plist;
				LD_RUNPATH_SEARCH_PATHS = "$(inherited) @executable_path/Frameworks";
				PRODUCT_BUNDLE_IDENTIFIER = com.biatoms.LinearProgressViewExample;
				PRODUCT_NAME = "$(TARGET_NAME)";
				SWIFT_SWIFT3_OBJC_INFERENCE = Off;
				SWIFT_VERSION = 4.0;
			};
			name = Release;
		};
/* End XCBuildConfiguration section */

/* Begin XCConfigurationList section */
		9DC6CB0E1E9E16B50080A14B /* Build configuration list for PBXProject "LinearProgressViewExample" */ = {
			isa = XCConfigurationList;
			buildConfigurations = (
				9DC6CB231E9E16B50080A14B /* Debug */,
				9DC6CB241E9E16B50080A14B /* Release */,
			);
			defaultConfigurationIsVisible = 0;
			defaultConfigurationName = Release;
		};
		9DC6CB251E9E16B50080A14B /* Build configuration list for PBXNativeTarget "LinearProgressViewExample" */ = {
			isa = XCConfigurationList;
			buildConfigurations = (
				9DC6CB261E9E16B50080A14B /* Debug */,
				9DC6CB271E9E16B50080A14B /* Release */,
			);
			defaultConfigurationIsVisible = 0;
			defaultConfigurationName = Release;
		};
/* End XCConfigurationList section */
	};
	rootObject = 9DC6CB0B1E9E16B50080A14B /* Project object */;
}
